github.com/ttasc/ttbox v0.0.0-20260505180448-d0d1287e2cc8 h1:8i4mH5U/gfHLK2F5NhsBKsEOCeCEiwOROBXChow/nCU=
github.com/ttasc/ttbox v0.0.0-20260505180448-d0d1287e2cc8/go.mod h1:RXy4xrr3L+hlfz0Bg7J3TT4Ro/37IkzdO6lcdWtVS8c=
github.com/ttasc/ttbox v0.0.0-20260508175018-b22f547ed0c0 h1:abwNIVGQ1sLQtzHdLuPn4Aquq2jqzl6yZ+VDZv0iVDo=
github.com/ttasc/ttbox v0.0.0-20260508175018-b22f547ed0c0/go.mod h1:RXy4xrr3L+hlfz0Bg7J3TT4Ro/37IkzdO6lcdWtVS8c=
